
Microsoft Visual Studio Solution File, Format Version 12.00
# Visual Studio Version 16
VisualStudioVersion = 16.0.30611.23
MinimumVisualStudioVersion = 15.0.26124.0
Project("{FAE04EC0-301F-11D3-BF4B-00C04F79EFBC}") = "Zadanie1", "Zadanie1\Zadanie1.csproj", "{DB12CFDF-FC14-42B3-BD9B-CF66FDA54A71}"
EndProject
Project("{FAE04EC0-301F-11D3-BF4B-00C04F79EFBC}") = "Zadanie1UnitTests", "Zadanie1UnitTests\Zadanie1UnitTests.csproj", "{9DF6B373-15E6-4861-A7CC-B54BE9A9B9F7}"
EndProject
Global
	GlobalSection(SolutionConfigurationPlatforms) = preSolution
		Debug|Any CPU = Debug|Any CPU
		Debug|x64 = Debug|x64
		Debug|x86 = Debug|x86
		Release|Any CPU = Release|Any CPU
		Release|x64 = Release|x64
		Release|x86 = Release|x86
	EndGlobalSection
	GlobalSection(ProjectConfigurationPlatforms) = postSolution
		{DB12CFDF-FC14-42B3-BD9B-CF66FDA54A71}.Debug|Any CPU.ActiveCfg = Debug|Any CPU
		{DB12CFDF-FC14-42B3-BD9B-CF66FDA54A71}.Debug|Any CPU.Build.0 = Debug|Any CPU
		{DB12CFDF-FC14-42B3-BD9B-CF66FDA54A71}.Debug|x64.ActiveCfg = Debug|Any CPU
		{DB12CFDF-FC14-42B3-BD9B-CF66FDA54A71}.Debug|x64.Build.0 = Debug|Any CPU
		{DB12CFDF-FC14-42B3-BD9B-CF66FDA54A71}.Debug|x86.ActiveCfg = Debug|Any CPU
		{DB12CFDF-FC14-42B3-BD9B-CF66FDA54A71}.Debug|x86.Build.0 = Debug|Any CPU
		{DB12CFDF-FC14-42B3-BD9B-CF66FDA54A71}.Release|Any CPU.ActiveCfg = Release|Any CPU
		{DB12CFDF-FC14-42B3-BD9B-CF66FDA54A71}.Release|Any CPU.Build.0 = Release|Any CPU
		{DB12CFDF-FC14-42B3-BD9B-CF66FDA54A71}.Release|x64.ActiveCfg = Release|Any CPU
		{DB12CFDF-FC14-42B3-BD9B-CF66FDA54A71}.Release|x64.Build.0 = Release|Any CPU
		{DB12CFDF-FC14-42B3-BD9B-CF66FDA54A71}.Release|x86.ActiveCfg = Release|Any CPU
		{DB12CFDF-FC14-42B3-BD9B-CF66FDA54A71}.Release|x86.Build.0 = Release|Any CPU
		{9DF6B373-15E6-4861-A7CC-B54BE9A9B9F7}.Debug|Any CPU.ActiveCfg = Debug|Any CPU
		{9DF6B373-15E6-4861-A7CC-B54BE9A9B9F7}.Debug|Any CPU.Build.0 = Debug|Any CPU
		{9DF6B373-15E6-4861-A7CC-B54BE9A9B9F7}.Debug|x64.ActiveCfg = Debug|Any CPU
		{9DF6B373-15E6-4861-A7CC-B54BE9A9B9F7}.Debug|x64.Build.0 = Debug|Any CPU
		{9DF6B373-15E6-4861-A7CC-B54BE9A9B9F7}.Debug|x86.ActiveCfg = Debug|Any CPU
		{9DF6B373-15E6-4861-A7CC-B54BE9A9B9F7}.Debug|x86.Build.0 = Debug|Any CPU
		{9DF6B373-15E6-4861-A7CC-B54BE9A9B9F7}.Release|Any CPU.ActiveCfg = Release|Any CPU
		{9DF6B373-15E6-4861-A7CC-B54BE9A9B9F7}.Release|Any CPU.Build.0 = Release|Any CPU
		{9DF6B373-15E6-4861-A7CC-B54BE9A9B9F7}.Release|x64.ActiveCfg = Release|Any CPU
		{9DF6B373-15E6-4861-A7CC-B54BE9A9B9F7}.Release|x64.Build.0 = Release|Any CPU
		{9DF6B373-15E6-4861-A7CC-B54BE9A9B9F7}.Release|x86.ActiveCfg = Release|Any CPU
		{9DF6B373-15E6-4861-A7CC-B54BE9A9B9F7}.Release|x86.Build.0 = Release|Any CPU
	EndGlobalSection
	GlobalSection(SolutionProperties) = preSolution
		HideSolutionNode = FALSE
	EndGlobalSection
	GlobalSection(ExtensibilityGlobals) = postSolution
		SolutionGuid = {A31BEBAA-FAF7-4DE2-BBB0-635FC28DCC20}
	EndGlobalSection
EndGlobal
